// !$*UTF8*$!
{
	archiveVersion = 1;
	classes = {
	};
	objectVersion = 46;
	objects = {

/* Begin PBXBuildFile section */
		FD6E5DF21A84BDC500C9FBB4 /* AppDelegate.swift in Sources */ = {isa = PBXBuildFile; fileRef = FD6E5DF11A84BDC500C9FBB4 /* AppDelegate.swift */; };
		FD6E5DF41A84BDC500C9FBB4 /* ViewController.swift in Sources */ = {isa = PBXBuildFile; fileRef = FD6E5DF31A84BDC500C9FBB4 /* ViewController.swift */; };
		FD6E5DF71A84BDC500C9FBB4 /* Main.storyboard in Resources */ = {isa = PBXBuildFile; fileRef = FD6E5DF51A84BDC500C9FBB4 /* Main.storyboard */; };
		FD6E5DF91A84BDC500C9FBB4 /* Images.xcassets in Resources */ = {isa = PBXBuildFile; fileRef = FD6E5DF81A84BDC500C9FBB4 /* Images.xcassets */; };
		FD6E5DFC1A84BDC500C9FBB4 /* LaunchScreen.xib in Resources */ = {isa = PBXBuildFile; fileRef = FD6E5DFA1A84BDC500C9FBB4 /* LaunchScreen.xib */; };
		FD6E5E081A84BDC500C9FBB4 /* CountingTests.swift in Sources */ = {isa = PBXBuildFile; fileRef = FD6E5E071A84BDC500C9FBB4 /* CountingTests.swift */; };
		FD6E5E121A84C40100C9FBB4 /* ลูกศร.jpg in Resources */ = {isa = PBXBuildFile; fileRef = FD6E5E111A84C40100C9FBB4 /* ลูกศร.jpg */; };
		FD6E5E151A84C80100C9FBB4 /* 1.jpg in Resources */ = {isa = PBXBuildFile; fileRef = FD6E5E131A84C80100C9FBB4 /* 1.jpg */; };
		FD6E5E161A84C80100C9FBB4 /* 2.jpg in Resources */ = {isa = PBXBuildFile; fileRef = FD6E5E141A84C80100C9FBB4 /* 2.jpg */; };
		FD6E5E181A84C83600C9FBB4 /* 3.jpg in Resources */ = {isa = PBXBuildFile; fileRef = FD6E5E171A84C83600C9FBB4 /* 3.jpg */; };
/* End PBXBuildFile section */

/* Begin PBXContainerItemProxy section */
		FD6E5E021A84BDC500C9FBB4 /* PBXContainerItemProxy */ = {
			isa = PBXContainerItemProxy;
			containerPortal = FD6E5DE41A84BDC500C9FBB4 /* Project object */;
			proxyType = 1;
			remoteGlobalIDString = FD6E5DEB1A84BDC500C9FBB4;
			remoteInfo = Counting;
		};
/* End PBXContainerItemProxy section */

/* Begin PBXFileReference section */
		FD6E5DEC1A84BDC500C9FBB4 /* Counting.app */ = {isa = PBXFileReference; explicitFileType = wrapper.application; includeInIndex = 0; path = Counting.app; sourceTree = BUILT_PRODUCTS_DIR; };
		FD6E5DF01A84BDC500C9FBB4 /* Info.plist */ = {isa = PBXFileReference; lastKnownFileType = text.plist.xml; path = Info.plist; sourceTree = "<group>"; };
		FD6E5DF11A84BDC500C9FBB4 /* AppDelegate.swift */ = {isa = PBXFileReference; lastKnownFileType = sourcecode.swift; path = AppDelegate.swift; sourceTree = "<group>"; };
		FD6E5DF31A84BDC500C9FBB4 /* ViewController.swift */ = {isa = PBXFileReference; lastKnownFileType = sourcecode.swift; path = ViewController.swift; sourceTree = "<group>"; };
		FD6E5DF61A84BDC500C9FBB4 /* Base */ = {isa = PBXFileReference; lastKnownFileType = file.storyboard; name = Base; path = Base.lproj/Main.storyboard; sourceTree = "<group>"; };
		FD6E5DF81A84BDC500C9FBB4 /* Images.xcassets */ = {isa = PBXFileReference; lastKnownFileType = folder.assetcatalog; path = Images.xcassets; sourceTree = "<group>"; };
		FD6E5DFB1A84BDC500C9FBB4 /* Base */ = {isa = PBXFileReference; lastKnownFileType = file.xib; name = Base; path = Base.lproj/LaunchScreen.xib; sourceTree = "<group>"; };
		FD6E5E011A84BDC500C9FBB4 /* CountingTests.xctest */ = {isa = PBXFileReference; explicitFileType = wrapper.cfbundle; includeInIndex = 0; path = CountingTests.xctest; sourceTree = BUILT_PRODUCTS_DIR; };
		FD6E5E061A84BDC500C9FBB4 /* Info.plist */ = {isa = PBXFileReference; lastKnownFileType = text.plist.xml; path = Info.plist; sourceTree = "<group>"; };
		FD6E5E071A84BDC500C9FBB4 /* CountingTests.swift */ = {isa = PBXFileReference; lastKnownFileType = sourcecode.swift; path = CountingTests.swift; sourceTree = "<group>"; };
		FD6E5E111A84C40100C9FBB4 /* ลูกศร.jpg */ = {isa = PBXFileReference; lastKnownFileType = image.jpeg; name = "ลูกศร.jpg"; path = "../../ลูกศร.jpg"; sourceTree = "<group>"; };
		FD6E5E131A84C80100C9FBB4 /* 1.jpg */ = {isa = PBXFileReference; lastKnownFileType = image.jpeg; name = 1.jpg; path = ../../1.jpg; sourceTree = "<group>"; };
		FD6E5E141A84C80100C9FBB4 /* 2.jpg */ = {isa = PBXFileReference; lastKnownFileType = image.jpeg; name = 2.jpg; path = ../../2.jpg; sourceTree = "<group>"; };
		FD6E5E171A84C83600C9FBB4 /* 3.jpg */ = {isa = PBXFileReference; lastKnownFileType = image.jpeg; name = 3.jpg; path = ../../3.jpg; sourceTree = "<group>"; };
/* End PBXFileReference section */

/* Begin PBXFrameworksBuildPhase section */
		FD6E5DE91A84BDC500C9FBB4 /* Frameworks */ = {
			isa = PBXFrameworksBuildPhase;
			buildActionMask = 2147483647;
			files = (
			);
			runOnlyForDeploymentPostprocessing = 0;
		};
		FD6E5DFE1A84BDC500C9FBB4 /* Frameworks */ = {
			isa = PBXFrameworksBuildPhase;
			buildActionMask = 2147483647;
			files = (
			);
			runOnlyForDeploymentPostprocessing = 0;
		};
/* End PBXFrameworksBuildPhase section */

/* Begin PBXGroup section */
		FD6E5DE31A84BDC500C9FBB4 = {
			isa = PBXGroup;
			children = (
				FD6E5DEE1A84BDC500C9FBB4 /* Counting */,
				FD6E5E041A84BDC500C9FBB4 /* CountingTests */,
				FD6E5DED1A84BDC500C9FBB4 /* Products */,
			);
			sourceTree = "<group>";
		};
		FD6E5DED1A84BDC500C9FBB4 /* Products */ = {
			isa = PBXGroup;
			children = (
				FD6E5DEC1A84BDC500C9FBB4 /* Counting.app */,
				FD6E5E011A84BDC500C9FBB4 /* CountingTests.xctest */,
			);
			name = Products;
			sourceTree = "<group>";
		};
		FD6E5DEE1A84BDC500C9FBB4 /* Counting */ = {
			isa = PBXGroup;
			children = (
				FD6E5DF11A84BDC500C9FBB4 /* AppDelegate.swift */,
				FD6E5DF31A84BDC500C9FBB4 /* ViewController.swift */,
				FD6E5DF51A84BDC500C9FBB4 /* Main.storyboard */,
				FD6E5DF81A84BDC500C9FBB4 /* Images.xcassets */,
				FD6E5DFA1A84BDC500C9FBB4 /* LaunchScreen.xib */,
				FD6E5DEF1A84BDC500C9FBB4 /* Supporting Files */,
			);
			path = Counting;
			sourceTree = "<group>";
		};
		FD6E5DEF1A84BDC500C9FBB4 /* Supporting Files */ = {
			isa = PBXGroup;
			children = (
				FD6E5E171A84C83600C9FBB4 /* 3.jpg */,
				FD6E5E131A84C80100C9FBB4 /* 1.jpg */,
				FD6E5E141A84C80100C9FBB4 /* 2.jpg */,
				FD6E5E111A84C40100C9FBB4 /* ลูกศร.jpg */,
				FD6E5DF01A84BDC500C9FBB4 /* Info.plist */,
			);
			name = "Supporting Files";
			sourceTree = "<group>";
		};
		FD6E5E041A84BDC500C9FBB4 /* CountingTests */ = {
			isa = PBXGroup;
			children = (
				FD6E5E071A84BDC500C9FBB4 /* CountingTests.swift */,
				FD6E5E051A84BDC500C9FBB4 /* Supporting Files */,
			);
			path = CountingTests;
			sourceTree = "<group>";
		};
		FD6E5E051A84BDC500C9FBB4 /* Supporting Files */ = {
			isa = PBXGroup;
			children = (
				FD6E5E061A84BDC500C9FBB4 /* Info.plist */,
			);
			name = "Supporting Files";
			sourceTree = "<group>";
		};
/* End PBXGroup section */

/* Begin PBXNativeTarget section */
		FD6E5DEB1A84BDC500C9FBB4 /* Counting */ = {
			isa = PBXNativeTarget;
			buildConfigurationList = FD6E5E0B1A84BDC500C9FBB4 /* Build configuration list for PBXNativeTarget "Counting" */;
			buildPhases = (
				FD6E5DE81A84BDC500C9FBB4 /* Sources */,
				FD6E5DE91A84BDC500C9FBB4 /* Frameworks */,
				FD6E5DEA1A84BDC500C9FBB4 /* Resources */,
			);
			buildRules = (
			);
			dependencies = (
			);
			name = Counting;
			productName = Counting;
			productReference = FD6E5DEC1A84BDC500C9FBB4 /* Counting.app */;
			productType = "com.apple.product-type.application";
		};
		FD6E5E001A84BDC500C9FBB4 /* CountingTests */ = {
			isa = PBXNativeTarget;
			buildConfigurationList = FD6E5E0E1A84BDC500C9FBB4 /* Build configuration list for PBXNativeTarget "CountingTests" */;
			buildPhases = (
				FD6E5DFD1A84BDC500C9FBB4 /* Sources */,
				FD6E5DFE1A84BDC500C9FBB4 /* Frameworks */,
				FD6E5DFF1A84BDC500C9FBB4 /* Resources */,
			);
			buildRules = (
			);
			dependencies = (
				FD6E5E031A84BDC500C9FBB4 /* PBXTargetDependency */,
			);
			name = CountingTests;
			productName = CountingTests;
			productReference = FD6E5E011A84BDC500C9FBB4 /* CountingTests.xctest */;
			productType = "com.apple.product-type.bundle.unit-test";
		};
/* End PBXNativeTarget section */

/* Begin PBXProject section */
		FD6E5DE41A84BDC500C9FBB4 /* Project object */ = {
			isa = PBXProject;
			attributes = {
				LastUpgradeCheck = 0600;
				ORGANIZATIONNAME = iStudents;
				TargetAttributes = {
					FD6E5DEB1A84BDC500C9FBB4 = {
						CreatedOnToolsVersion = 6.0;
					};
					FD6E5E001A84BDC500C9FBB4 = {
						CreatedOnToolsVersion = 6.0;
						TestTargetID = FD6E5DEB1A84BDC500C9FBB4;
					};
				};
			};
			buildConfigurationList = FD6E5DE71A84BDC500C9FBB4 /* Build configuration list for PBXProject "Counting" */;
			compatibilityVersion = "Xcode 3.2";
			developmentRegion = English;
			hasScannedForEncodings = 0;
			knownRegions = (
				en,
				Base,
			);
			mainGroup = FD6E5DE31A84BDC500C9FBB4;
			productRefGroup = FD6E5DED1A84BDC500C9FBB4 /* Products */;
			projectDirPath = "";
			projectRoot = "";
			targets = (
				FD6E5DEB1A84BDC500C9FBB4 /* Counting */,
				FD6E5E001A84BDC500C9FBB4 /* CountingTests */,
			);
		};
/* End PBXProject section */

/* Begin PBXResourcesBuildPhase section */
		FD6E5DEA1A84BDC500C9FBB4 /* Resources */ = {
			isa = PBXResourcesBuildPhase;
			buildActionMask = 2147483647;
			files = (
				FD6E5E161A84C80100C9FBB4 /* 2.jpg in Resources */,
				FD6E5DF71A84BDC500C9FBB4 /* Main.storyboard in Resources */,
				FD6E5DFC1A84BDC500C9FBB4 /* LaunchScreen.xib in Resources */,
				FD6E5E121A84C40100C9FBB4 /* ลูกศร.jpg in Resources */,
				FD6E5DF91A84BDC500C9FBB4 /* Images.xcassets in Resources */,
				FD6E5E181A84C83600C9FBB4 /* 3.jpg in Resources */,
				FD6E5E151A84C80100C9FBB4 /* 1.jpg in Resources */,
			);
			runOnlyForDeploymentPostprocessing = 0;
		};
		FD6E5DFF1A84BDC500C9FBB4 /* Resources */ = {
			isa = PBXResourcesBuildPhase;
			buildActionMask = 2147483647;
			files = (
			);
			runOnlyForDeploymentPostprocessing = 0;
		};
/* End PBXResourcesBuildPhase section */

/* Begin PBXSourcesBuildPhase section */
		FD6E5DE81A84BDC500C9FBB4 /* Sources */ = {
			isa = PBXSourcesBuildPhase;
			buildActionMask = 2147483647;
			files = (
				FD6E5DF41A84BDC500C9FBB4 /* ViewController.swift in Sources */,
				FD6E5DF21A84BDC500C9FBB4 /* AppDelegate.swift in Sources */,
			);
			runOnlyForDeploymentPostprocessing = 0;
		};
		FD6E5DFD1A84BDC500C9FBB4 /* Sources */ = {
			isa = PBXSourcesBuildPhase;
			buildActionMask = 2147483647;
			files = (
				FD6E5E081A84BDC500C9FBB4 /* CountingTests.swift in Sources */,
			);
			runOnlyForDeploymentPostprocessing = 0;
		};
/* End PBXSourcesBuildPhase section */

/* Begin PBXTargetDependency section */
		FD6E5E031A84BDC500C9FBB4 /* PBXTargetDependency */ = {
			isa = PBXTargetDependency;
			target = FD6E5DEB1A84BDC500C9FBB4 /* Counting */;
			targetProxy = FD6E5E021A84BDC500C9FBB4 /* PBXContainerItemProxy */;
		};
/* End PBXTargetDependency section */

/* Begin PBXVariantGroup section */
		FD6E5DF51A84BDC500C9FBB4 /* Main.storyboard */ = {
			isa = PBXVariantGroup;
			children = (
				FD6E5DF61A84BDC500C9FBB4 /* Base */,
			);
			name = Main.storyboard;
			sourceTree = "<group>";
		};
		FD6E5DFA1A84BDC500C9FBB4 /* LaunchScreen.xib */ = {
			isa = PBXVariantGroup;
			children = (
				FD6E5DFB1A84BDC500C9FBB4 /* Base */,
			);
			name = LaunchScreen.xib;
			sourceTree = "<group>";
		};
/* End PBXVariantGroup section */

/* Begin XCBuildConfiguration section */
		FD6E5E091A84BDC500C9FBB4 /* Debug */ = {
			isa = XCBuildConfiguration;
			buildSettings = {
				ALWAYS_SEARCH_USER_PATHS = NO;
				CLANG_CXX_LANGUAGE_STANDARD = "gnu++0x";
				CLANG_CXX_LIBRARY = "libc++";
				CLANG_ENABLE_MODULES = YES;
				CLANG_ENABLE_OBJC_ARC = YES;
				CLANG_WARN_BOOL_CONVERSION = YES;
				CLANG_WARN_CONSTANT_CONVERSION = YES;
				CLANG_WARN_DIRECT_OBJC_ISA_USAGE = YES_ERROR;
				CLANG_WARN_EMPTY_BODY = YES;
				CLANG_WARN_ENUM_CONVERSION = YES;
				CLANG_WARN_INT_CONVERSION = YES;
				CLANG_WARN_OBJC_ROOT_CLASS = YES_ERROR;
				CLANG_WARN_UNREACHABLE_CODE = YES;
				CLANG_WARN__DUPLICATE_METHOD_MATCH = YES;
				"CODE_SIGN_IDENTITY[sdk=iphoneos*]" = "iPhone Developer";
				COPY_PHASE_STRIP = NO;
				ENABLE_STRICT_OBJC_MSGSEND = YES;
				GCC_C_LANGUAGE_STANDARD = gnu99;
				GCC_DYNAMIC_NO_PIC = NO;
				GCC_OPTIMIZATION_LEVEL = 0;
				GCC_PREPROCESSOR_DEFINITIONS = (
					"DEBUG=1",
					"$(inherited)",
				);
				GCC_SYMBOLS_PRIVATE_EXTERN = NO;
				GCC_WARN_64_TO_32_BIT_CONVERSION = YES;
				GCC_WARN_ABOUT_RETURN_TYPE = YES_ERROR;
				GCC_WARN_UNDECLARED_SELECTOR = YES;
				GCC_WARN_UNINITIALIZED_AUTOS = YES_AGGRESSIVE;
				GCC_WARN_UNUSED_FUNCTION = YES;
				GCC_WARN_UNUSED_VARIABLE = YES;
				IPHONEOS_DEPLOYMENT_TARGET = 8.0;
				MTL_ENABLE_DEBUG_INFO = YES;
				ONLY_ACTIVE_ARCH = YES;
				SDKROOT = iphoneos;
				SWIFT_OPTIMIZATION_LEVEL = "-Onone";
			};
			name = Debug;
		};
		FD6E5E0A1A84BDC500C9FBB4 /* Release */ = {
			isa = XCBuildConfiguration;
			buildSettings = {
				ALWAYS_SEARCH_USER_PATHS = NO;
				CLANG_CXX_LANGUAGE_STANDARD = "gnu++0x";
				CLANG_CXX_LIBRARY = "libc++";
				CLANG_ENABLE_MODULES = YES;
				CLANG_ENABLE_OBJC_ARC = YES;
				CLANG_WARN_BOOL_CONVERSION = YES;
				CLANG_WARN_CONSTANT_CONVERSION = YES;
				CLANG_WARN_DIRECT_OBJC_ISA_USAGE = YES_ERROR;
				CLANG_WARN_EMPTY_BODY = YES;
				CLANG_WARN_ENUM_CONVERSION = YES;
				CLANG_WARN_INT_CONVERSION = YES;
				CLANG_WARN_OBJC_ROOT_CLASS = YES_ERROR;
				CLANG_WARN_UNREACHABLE_CODE = YES;
				CLANG_WARN__DUPLICATE_METHOD_MATCH = YES;
				"CODE_SIGN_IDENTITY[sdk=iphoneos*]" = "iPhone Developer";
				COPY_PHASE_STRIP = YES;
				ENABLE_NS_ASSERTIONS = NO;
				ENABLE_STRICT_OBJC_MSGSEND = YES;
				GCC_C_LANGUAGE_STANDARD = gnu99;
				GCC_WARN_64_TO_32_BIT_CONVERSION = YES;
				GCC_WARN_ABOUT_RETURN_TYPE = YES_ERROR;
				GCC_WARN_UNDECLARED_SELECTOR = YES;
				GCC_WARN_UNINITIALIZED_AUTOS = YES_AGGRESSIVE;
				GCC_WARN_UNUSED_FUNCTION = YES;
				GCC_WARN_UNUSED_VARIABLE = YES;
				IPHONEOS_DEPLOYMENT_TARGET = 8.0;
				MTL_ENABLE_DEBUG_INFO = NO;
				SDKROOT = iphoneos;
				VALIDATE_PRODUCT = YES;
			};
			name = Release;
		};
		FD6E5E0C1A84BDC500C9FBB4 /* Debug */ = {
			isa = XCBuildConfiguration;
			buildSettings = {
				ASSETCATALOG_COMPILER_APPICON_NAME = AppIcon;
				INFOPLIST_FILE = Counting/Info.plist;
				LD_RUNPATH_SEARCH_PATHS = "$(inherited) @executable_path/Frameworks";
				PRODUCT_NAME = "$(TARGET_NAME)";
			};
			name = Debug;
		};
		FD6E5E0D1A84BDC500C9FBB4 /* Release */ = {
			isa = XCBuildConfiguration;
			buildSettings = {
				ASSETCATALOG_COMPILER_APPICON_NAME = AppIcon;
				INFOPLIST_FILE = Counting/Info.plist;
				LD_RUNPATH_SEARCH_PATHS = "$(inherited) @executable_path/Frameworks";
				PRODUCT_NAME = "$(TARGET_NAME)";
			};
			name = Release;
		};
		FD6E5E0F1A84BDC500C9FBB4 /* Debug */ = {
			isa = XCBuildConfiguration;
			buildSettings = {
				BUNDLE_LOADER = "$(TEST_HOST)";
				FRAMEWORK_SEARCH_PATHS = (
					"$(SDKROOT)/Developer/Library/Frameworks",
					"$(inherited)",
				);
				GCC_PREPROCESSOR_DEFINITIONS = (
					"DEBUG=1",
					"$(inherited)",
				);
				INFOPLIST_FILE = CountingTests/Info.plist;
				LD_RUNPATH_SEARCH_PATHS = "$(inherited) @executable_path/Frameworks @loader_path/Frameworks";
				PRODUCT_NAME = "$(TARGET_NAME)";
				TEST_HOST = "$(BUILT_PRODUCTS_DIR)/Counting.app/Counting";
			};
			name = Debug;
		};
		FD6E5E101A84BDC500C9FBB4 /* Release */ = {
			isa = XCBuildConfiguration;
			buildSettings = {
				BUNDLE_LOADER = "$(TEST_HOST)";
				FRAMEWORK_SEARCH_PATHS = (
					"$(SDKROOT)/Developer/Library/Frameworks",
					"$(inherited)",
				);
				INFOPLIST_FILE = CountingTests/Info.plist;
				LD_RUNPATH_SEARCH_PATHS = "$(inherited) @executable_path/Frameworks @loader_path/Frameworks";
				PRODUCT_NAME = "$(TARGET_NAME)";
				TEST_HOST = "$(BUILT_PRODUCTS_DIR)/Counting.app/Counting";
			};
			name = Release;
		};
/* End XCBuildConfiguration section */

/* Begin XCConfigurationList section */
		FD6E5DE71A84BDC500C9FBB4 /* Build configuration list for PBXProject "Counting" */ = {
			isa = XCConfigurationList;
			buildConfigurations = (
				FD6E5E091A84BDC500C9FBB4 /* Debug */,
				FD6E5E0A1A84BDC500C9FBB4 /* Release */,
			);
			defaultConfigurationIsVisible = 0;
			defaultConfigurationName = Release;
		};
		FD6E5E0B1A84BDC500C9FBB4 /* Build configuration list for PBXNativeTarget "Counting" */ = {
			isa = XCConfigurationList;
			buildConfigurations = (
				FD6E5E0C1A84BDC500C9FBB4 /* Debug */,
				FD6E5E0D1A84BDC500C9FBB4 /* Release */,
			);
			defaultConfigurationIsVisible = 0;
		};
		FD6E5E0E1A84BDC500C9FBB4 /* Build configuration list for PBXNativeTarget "CountingTests" */ = {
			isa = XCConfigurationList;
			buildConfigurations = (
				FD6E5E0F1A84BDC500C9FBB4 /* Debug */,
				FD6E5E101A84BDC500C9FBB4 /* Release */,
			);
			defaultConfigurationIsVisible = 0;
		};
/* End XCConfigurationList section */
	};
	rootObject = FD6E5DE41A84BDC500C9FBB4 /* Project object */;
}
