// !$*UTF8*$!
{
	archiveVersion = 1;
	classes = {
	};
	objectVersion = 46;
	objects = {

/* Begin PBXBuildFile section */
		FD60959C1A8E044700E981BC /* Bus.png in Resources */ = {isa = PBXBuildFile; fileRef = FD60959A1A8E044700E981BC /* Bus.png */; };
		FD60959D1A8E044700E981BC /* Hericopter.png in Resources */ = {isa = PBXBuildFile; fileRef = FD60959B1A8E044700E981BC /* Hericopter.png */; };
		FDC86F351A8DD95E003EA703 /* AppDelegate.swift in Sources */ = {isa = PBXBuildFile; fileRef = FDC86F341A8DD95E003EA703 /* AppDelegate.swift */; };
		FDC86F371A8DD95E003EA703 /* ViewController.swift in Sources */ = {isa = PBXBuildFile; fileRef = FDC86F361A8DD95E003EA703 /* ViewController.swift */; };
		FDC86F3A1A8DD95E003EA703 /* Main.storyboard in Resources */ = {isa = PBXBuildFile; fileRef = FDC86F381A8DD95E003EA703 /* Main.storyboard */; };
		FDC86F3C1A8DD95E003EA703 /* Images.xcassets in Resources */ = {isa = PBXBuildFile; fileRef = FDC86F3B1A8DD95E003EA703 /* Images.xcassets */; };
		FDC86F3F1A8DD95E003EA703 /* LaunchScreen.xib in Resources */ = {isa = PBXBuildFile; fileRef = FDC86F3D1A8DD95E003EA703 /* LaunchScreen.xib */; };
		FDC86F4B1A8DD95E003EA703 /* IOS8SwiffPrototypeCellsTutorialTests.swift in Sources */ = {isa = PBXBuildFile; fileRef = FDC86F4A1A8DD95E003EA703 /* IOS8SwiffPrototypeCellsTutorialTests.swift */; };
/* End PBXBuildFile section */

/* Begin PBXContainerItemProxy section */
		FDC86F451A8DD95E003EA703 /* PBXContainerItemProxy */ = {
			isa = PBXContainerItemProxy;
			containerPortal = FDC86F271A8DD95E003EA703 /* Project object */;
			proxyType = 1;
			remoteGlobalIDString = FDC86F2E1A8DD95E003EA703;
			remoteInfo = IOS8SwiffPrototypeCellsTutorial;
		};
/* End PBXContainerItemProxy section */

/* Begin PBXFileReference section */
		FD60959A1A8E044700E981BC /* Bus.png */ = {isa = PBXFileReference; lastKnownFileType = image.png; name = Bus.png; path = ../../icon/Bus.png; sourceTree = "<group>"; };
		FD60959B1A8E044700E981BC /* Hericopter.png */ = {isa = PBXFileReference; lastKnownFileType = image.png; name = Hericopter.png; path = ../../icon/Hericopter.png; sourceTree = "<group>"; };
		FDC86F2F1A8DD95E003EA703 /* IOS8SwiffPrototypeCellsTutorial.app */ = {isa = PBXFileReference; explicitFileType = wrapper.application; includeInIndex = 0; path = IOS8SwiffPrototypeCellsTutorial.app; sourceTree = BUILT_PRODUCTS_DIR; };
		FDC86F331A8DD95E003EA703 /* Info.plist */ = {isa = PBXFileReference; lastKnownFileType = text.plist.xml; path = Info.plist; sourceTree = "<group>"; };
		FDC86F341A8DD95E003EA703 /* AppDelegate.swift */ = {isa = PBXFileReference; lastKnownFileType = sourcecode.swift; path = AppDelegate.swift; sourceTree = "<group>"; };
		FDC86F361A8DD95E003EA703 /* ViewController.swift */ = {isa = PBXFileReference; lastKnownFileType = sourcecode.swift; path = ViewController.swift; sourceTree = "<group>"; };
		FDC86F391A8DD95E003EA703 /* Base */ = {isa = PBXFileReference; lastKnownFileType = file.storyboard; name = Base; path = Base.lproj/Main.storyboard; sourceTree = "<group>"; };
		FDC86F3B1A8DD95E003EA703 /* Images.xcassets */ = {isa = PBXFileReference; lastKnownFileType = folder.assetcatalog; path = Images.xcassets; sourceTree = "<group>"; };
		FDC86F3E1A8DD95E003EA703 /* Base */ = {isa = PBXFileReference; lastKnownFileType = file.xib; name = Base; path = Base.lproj/LaunchScreen.xib; sourceTree = "<group>"; };
		FDC86F441A8DD95E003EA703 /* IOS8SwiffPrototypeCellsTutorialTests.xctest */ = {isa = PBXFileReference; explicitFileType = wrapper.cfbundle; includeInIndex = 0; path = IOS8SwiffPrototypeCellsTutorialTests.xctest; sourceTree = BUILT_PRODUCTS_DIR; };
		FDC86F491A8DD95E003EA703 /* Info.plist */ = {isa = PBXFileReference; lastKnownFileType = text.plist.xml; path = Info.plist; sourceTree = "<group>"; };
		FDC86F4A1A8DD95E003EA703 /* IOS8SwiffPrototypeCellsTutorialTests.swift */ = {isa = PBXFileReference; lastKnownFileType = sourcecode.swift; path = IOS8SwiffPrototypeCellsTutorialTests.swift; sourceTree = "<group>"; };
/* End PBXFileReference section */

/* Begin PBXFrameworksBuildPhase section */
		FDC86F2C1A8DD95E003EA703 /* Frameworks */ = {
			isa = PBXFrameworksBuildPhase;
			buildActionMask = 2147483647;
			files = (
			);
			runOnlyForDeploymentPostprocessing = 0;
		};
		FDC86F411A8DD95E003EA703 /* Frameworks */ = {
			isa = PBXFrameworksBuildPhase;
			buildActionMask = 2147483647;
			files = (
			);
			runOnlyForDeploymentPostprocessing = 0;
		};
/* End PBXFrameworksBuildPhase section */

/* Begin PBXGroup section */
		FDC86F261A8DD95E003EA703 = {
			isa = PBXGroup;
			children = (
				FDC86F311A8DD95E003EA703 /* IOS8SwiffPrototypeCellsTutorial */,
				FDC86F471A8DD95E003EA703 /* IOS8SwiffPrototypeCellsTutorialTests */,
				FDC86F301A8DD95E003EA703 /* Products */,
			);
			sourceTree = "<group>";
		};
		FDC86F301A8DD95E003EA703 /* Products */ = {
			isa = PBXGroup;
			children = (
				FDC86F2F1A8DD95E003EA703 /* IOS8SwiffPrototypeCellsTutorial.app */,
				FDC86F441A8DD95E003EA703 /* IOS8SwiffPrototypeCellsTutorialTests.xctest */,
			);
			name = Products;
			sourceTree = "<group>";
		};
		FDC86F311A8DD95E003EA703 /* IOS8SwiffPrototypeCellsTutorial */ = {
			isa = PBXGroup;
			children = (
				FDC86F341A8DD95E003EA703 /* AppDelegate.swift */,
				FDC86F361A8DD95E003EA703 /* ViewController.swift */,
				FDC86F381A8DD95E003EA703 /* Main.storyboard */,
				FDC86F3B1A8DD95E003EA703 /* Images.xcassets */,
				FDC86F3D1A8DD95E003EA703 /* LaunchScreen.xib */,
				FDC86F321A8DD95E003EA703 /* Supporting Files */,
			);
			path = IOS8SwiffPrototypeCellsTutorial;
			sourceTree = "<group>";
		};
		FDC86F321A8DD95E003EA703 /* Supporting Files */ = {
			isa = PBXGroup;
			children = (
				FD60959A1A8E044700E981BC /* Bus.png */,
				FD60959B1A8E044700E981BC /* Hericopter.png */,
				FDC86F331A8DD95E003EA703 /* Info.plist */,
			);
			name = "Supporting Files";
			sourceTree = "<group>";
		};
		FDC86F471A8DD95E003EA703 /* IOS8SwiffPrototypeCellsTutorialTests */ = {
			isa = PBXGroup;
			children = (
				FDC86F4A1A8DD95E003EA703 /* IOS8SwiffPrototypeCellsTutorialTests.swift */,
				FDC86F481A8DD95E003EA703 /* Supporting Files */,
			);
			path = IOS8SwiffPrototypeCellsTutorialTests;
			sourceTree = "<group>";
		};
		FDC86F481A8DD95E003EA703 /* Supporting Files */ = {
			isa = PBXGroup;
			children = (
				FDC86F491A8DD95E003EA703 /* Info.plist */,
			);
			name = "Supporting Files";
			sourceTree = "<group>";
		};
/* End PBXGroup section */

/* Begin PBXNativeTarget section */
		FDC86F2E1A8DD95E003EA703 /* IOS8SwiffPrototypeCellsTutorial */ = {
			isa = PBXNativeTarget;
			buildConfigurationList = FDC86F4E1A8DD95E003EA703 /* Build configuration list for PBXNativeTarget "IOS8SwiffPrototypeCellsTutorial" */;
			buildPhases = (
				FDC86F2B1A8DD95E003EA703 /* Sources */,
				FDC86F2C1A8DD95E003EA703 /* Frameworks */,
				FDC86F2D1A8DD95E003EA703 /* Resources */,
			);
			buildRules = (
			);
			dependencies = (
			);
			name = IOS8SwiffPrototypeCellsTutorial;
			productName = IOS8SwiffPrototypeCellsTutorial;
			productReference = FDC86F2F1A8DD95E003EA703 /* IOS8SwiffPrototypeCellsTutorial.app */;
			productType = "com.apple.product-type.application";
		};
		FDC86F431A8DD95E003EA703 /* IOS8SwiffPrototypeCellsTutorialTests */ = {
			isa = PBXNativeTarget;
			buildConfigurationList = FDC86F511A8DD95E003EA703 /* Build configuration list for PBXNativeTarget "IOS8SwiffPrototypeCellsTutorialTests" */;
			buildPhases = (
				FDC86F401A8DD95E003EA703 /* Sources */,
				FDC86F411A8DD95E003EA703 /* Frameworks */,
				FDC86F421A8DD95E003EA703 /* Resources */,
			);
			buildRules = (
			);
			dependencies = (
				FDC86F461A8DD95E003EA703 /* PBXTargetDependency */,
			);
			name = IOS8SwiffPrototypeCellsTutorialTests;
			productName = IOS8SwiffPrototypeCellsTutorialTests;
			productReference = FDC86F441A8DD95E003EA703 /* IOS8SwiffPrototypeCellsTutorialTests.xctest */;
			productType = "com.apple.product-type.bundle.unit-test";
		};
/* End PBXNativeTarget section */

/* Begin PBXProject section */
		FDC86F271A8DD95E003EA703 /* Project object */ = {
			isa = PBXProject;
			attributes = {
				LastUpgradeCheck = 0600;
				ORGANIZATIONNAME = iStudents;
				TargetAttributes = {
					FDC86F2E1A8DD95E003EA703 = {
						CreatedOnToolsVersion = 6.0;
					};
					FDC86F431A8DD95E003EA703 = {
						CreatedOnToolsVersion = 6.0;
						TestTargetID = FDC86F2E1A8DD95E003EA703;
					};
				};
			};
			buildConfigurationList = FDC86F2A1A8DD95E003EA703 /* Build configuration list for PBXProject "IOS8SwiffPrototypeCellsTutorial" */;
			compatibilityVersion = "Xcode 3.2";
			developmentRegion = English;
			hasScannedForEncodings = 0;
			knownRegions = (
				en,
				Base,
			);
			mainGroup = FDC86F261A8DD95E003EA703;
			productRefGroup = FDC86F301A8DD95E003EA703 /* Products */;
			projectDirPath = "";
			projectRoot = "";
			targets = (
				FDC86F2E1A8DD95E003EA703 /* IOS8SwiffPrototypeCellsTutorial */,
				FDC86F431A8DD95E003EA703 /* IOS8SwiffPrototypeCellsTutorialTests */,
			);
		};
/* End PBXProject section */

/* Begin PBXResourcesBuildPhase section */
		FDC86F2D1A8DD95E003EA703 /* Resources */ = {
			isa = PBXResourcesBuildPhase;
			buildActionMask = 2147483647;
			files = (
				FD60959C1A8E044700E981BC /* Bus.png in Resources */,
				FDC86F3A1A8DD95E003EA703 /* Main.storyboard in Resources */,
				FD60959D1A8E044700E981BC /* Hericopter.png in Resources */,
				FDC86F3F1A8DD95E003EA703 /* LaunchScreen.xib in Resources */,
				FDC86F3C1A8DD95E003EA703 /* Images.xcassets in Resources */,
			);
			runOnlyForDeploymentPostprocessing = 0;
		};
		FDC86F421A8DD95E003EA703 /* Resources */ = {
			isa = PBXResourcesBuildPhase;
			buildActionMask = 2147483647;
			files = (
			);
			runOnlyForDeploymentPostprocessing = 0;
		};
/* End PBXResourcesBuildPhase section */

/* Begin PBXSourcesBuildPhase section */
		FDC86F2B1A8DD95E003EA703 /* Sources */ = {
			isa = PBXSourcesBuildPhase;
			buildActionMask = 2147483647;
			files = (
				FDC86F371A8DD95E003EA703 /* ViewController.swift in Sources */,
				FDC86F351A8DD95E003EA703 /* AppDelegate.swift in Sources */,
			);
			runOnlyForDeploymentPostprocessing = 0;
		};
		FDC86F401A8DD95E003EA703 /* Sources */ = {
			isa = PBXSourcesBuildPhase;
			buildActionMask = 2147483647;
			files = (
				FDC86F4B1A8DD95E003EA703 /* IOS8SwiffPrototypeCellsTutorialTests.swift in Sources */,
			);
			runOnlyForDeploymentPostprocessing = 0;
		};
/* End PBXSourcesBuildPhase section */

/* Begin PBXTargetDependency section */
		FDC86F461A8DD95E003EA703 /* PBXTargetDependency */ = {
			isa = PBXTargetDependency;
			target = FDC86F2E1A8DD95E003EA703 /* IOS8SwiffPrototypeCellsTutorial */;
			targetProxy = FDC86F451A8DD95E003EA703 /* PBXContainerItemProxy */;
		};
/* End PBXTargetDependency section */

/* Begin PBXVariantGroup section */
		FDC86F381A8DD95E003EA703 /* Main.storyboard */ = {
			isa = PBXVariantGroup;
			children = (
				FDC86F391A8DD95E003EA703 /* Base */,
			);
			name = Main.storyboard;
			sourceTree = "<group>";
		};
		FDC86F3D1A8DD95E003EA703 /* LaunchScreen.xib */ = {
			isa = PBXVariantGroup;
			children = (
				FDC86F3E1A8DD95E003EA703 /* Base */,
			);
			name = LaunchScreen.xib;
			sourceTree = "<group>";
		};
/* End PBXVariantGroup section */

/* Begin XCBuildConfiguration section */
		FDC86F4C1A8DD95E003EA703 /* Debug */ = {
			isa = XCBuildConfiguration;
			buildSettings = {
				ALWAYS_SEARCH_USER_PATHS = NO;
				CLANG_CXX_LANGUAGE_STANDARD = "gnu++0x";
				CLANG_CXX_LIBRARY = "libc++";
				CLANG_ENABLE_MODULES = YES;
				CLANG_ENABLE_OBJC_ARC = YES;
				CLANG_WARN_BOOL_CONVERSION = YES;
				CLANG_WARN_CONSTANT_CONVERSION = YES;
				CLANG_WARN_DIRECT_OBJC_ISA_USAGE = YES_ERROR;
				CLANG_WARN_EMPTY_BODY = YES;
				CLANG_WARN_ENUM_CONVERSION = YES;
				CLANG_WARN_INT_CONVERSION = YES;
				CLANG_WARN_OBJC_ROOT_CLASS = YES_ERROR;
				CLANG_WARN_UNREACHABLE_CODE = YES;
				CLANG_WARN__DUPLICATE_METHOD_MATCH = YES;
				"CODE_SIGN_IDENTITY[sdk=iphoneos*]" = "iPhone Developer";
				COPY_PHASE_STRIP = NO;
				ENABLE_STRICT_OBJC_MSGSEND = YES;
				GCC_C_LANGUAGE_STANDARD = gnu99;
				GCC_DYNAMIC_NO_PIC = NO;
				GCC_OPTIMIZATION_LEVEL = 0;
				GCC_PREPROCESSOR_DEFINITIONS = (
					"DEBUG=1",
					"$(inherited)",
				);
				GCC_SYMBOLS_PRIVATE_EXTERN = NO;
				GCC_WARN_64_TO_32_BIT_CONVERSION = YES;
				GCC_WARN_ABOUT_RETURN_TYPE = YES_ERROR;
				GCC_WARN_UNDECLARED_SELECTOR = YES;
				GCC_WARN_UNINITIALIZED_AUTOS = YES_AGGRESSIVE;
				GCC_WARN_UNUSED_FUNCTION = YES;
				GCC_WARN_UNUSED_VARIABLE = YES;
				IPHONEOS_DEPLOYMENT_TARGET = 8.0;
				MTL_ENABLE_DEBUG_INFO = YES;
				ONLY_ACTIVE_ARCH = YES;
				SDKROOT = iphoneos;
				SWIFT_OPTIMIZATION_LEVEL = "-Onone";
			};
			name = Debug;
		};
		FDC86F4D1A8DD95E003EA703 /* Release */ = {
			isa = XCBuildConfiguration;
			buildSettings = {
				ALWAYS_SEARCH_USER_PATHS = NO;
				CLANG_CXX_LANGUAGE_STANDARD = "gnu++0x";
				CLANG_CXX_LIBRARY = "libc++";
				CLANG_ENABLE_MODULES = YES;
				CLANG_ENABLE_OBJC_ARC = YES;
				CLANG_WARN_BOOL_CONVERSION = YES;
				CLANG_WARN_CONSTANT_CONVERSION = YES;
				CLANG_WARN_DIRECT_OBJC_ISA_USAGE = YES_ERROR;
				CLANG_WARN_EMPTY_BODY = YES;
				CLANG_WARN_ENUM_CONVERSION = YES;
				CLANG_WARN_INT_CONVERSION = YES;
				CLANG_WARN_OBJC_ROOT_CLASS = YES_ERROR;
				CLANG_WARN_UNREACHABLE_CODE = YES;
				CLANG_WARN__DUPLICATE_METHOD_MATCH = YES;
				"CODE_SIGN_IDENTITY[sdk=iphoneos*]" = "iPhone Developer";
				COPY_PHASE_STRIP = YES;
				ENABLE_NS_ASSERTIONS = NO;
				ENABLE_STRICT_OBJC_MSGSEND = YES;
				GCC_C_LANGUAGE_STANDARD = gnu99;
				GCC_WARN_64_TO_32_BIT_CONVERSION = YES;
				GCC_WARN_ABOUT_RETURN_TYPE = YES_ERROR;
				GCC_WARN_UNDECLARED_SELECTOR = YES;
				GCC_WARN_UNINITIALIZED_AUTOS = YES_AGGRESSIVE;
				GCC_WARN_UNUSED_FUNCTION = YES;
				GCC_WARN_UNUSED_VARIABLE = YES;
				IPHONEOS_DEPLOYMENT_TARGET = 8.0;
				MTL_ENABLE_DEBUG_INFO = NO;
				SDKROOT = iphoneos;
				VALIDATE_PRODUCT = YES;
			};
			name = Release;
		};
		FDC86F4F1A8DD95E003EA703 /* Debug */ = {
			isa = XCBuildConfiguration;
			buildSettings = {
				ASSETCATALOG_COMPILER_APPICON_NAME = AppIcon;
				INFOPLIST_FILE = IOS8SwiffPrototypeCellsTutorial/Info.plist;
				LD_RUNPATH_SEARCH_PATHS = "$(inherited) @executable_path/Frameworks";
				PRODUCT_NAME = "$(TARGET_NAME)";
			};
			name = Debug;
		};
		FDC86F501A8DD95E003EA703 /* Release */ = {
			isa = XCBuildConfiguration;
			buildSettings = {
				ASSETCATALOG_COMPILER_APPICON_NAME = AppIcon;
				INFOPLIST_FILE = IOS8SwiffPrototypeCellsTutorial/Info.plist;
				LD_RUNPATH_SEARCH_PATHS = "$(inherited) @executable_path/Frameworks";
				PRODUCT_NAME = "$(TARGET_NAME)";
			};
			name = Release;
		};
		FDC86F521A8DD95E003EA703 /* Debug */ = {
			isa = XCBuildConfiguration;
			buildSettings = {
				BUNDLE_LOADER = "$(TEST_HOST)";
				FRAMEWORK_SEARCH_PATHS = (
					"$(SDKROOT)/Developer/Library/Frameworks",
					"$(inherited)",
				);
				GCC_PREPROCESSOR_DEFINITIONS = (
					"DEBUG=1",
					"$(inherited)",
				);
				INFOPLIST_FILE = IOS8SwiffPrototypeCellsTutorialTests/Info.plist;
				LD_RUNPATH_SEARCH_PATHS = "$(inherited) @executable_path/Frameworks @loader_path/Frameworks";
				PRODUCT_NAME = "$(TARGET_NAME)";
				TEST_HOST = "$(BUILT_PRODUCTS_DIR)/IOS8SwiffPrototypeCellsTutorial.app/IOS8SwiffPrototypeCellsTutorial";
			};
			name = Debug;
		};
		FDC86F531A8DD95E003EA703 /* Release */ = {
			isa = XCBuildConfiguration;
			buildSettings = {
				BUNDLE_LOADER = "$(TEST_HOST)";
				FRAMEWORK_SEARCH_PATHS = (
					"$(SDKROOT)/Developer/Library/Frameworks",
					"$(inherited)",
				);
				INFOPLIST_FILE = IOS8SwiffPrototypeCellsTutorialTests/Info.plist;
				LD_RUNPATH_SEARCH_PATHS = "$(inherited) @executable_path/Frameworks @loader_path/Frameworks";
				PRODUCT_NAME = "$(TARGET_NAME)";
				TEST_HOST = "$(BUILT_PRODUCTS_DIR)/IOS8SwiffPrototypeCellsTutorial.app/IOS8SwiffPrototypeCellsTutorial";
			};
			name = Release;
		};
/* End XCBuildConfiguration section */

/* Begin XCConfigurationList section */
		FDC86F2A1A8DD95E003EA703 /* Build configuration list for PBXProject "IOS8SwiffPrototypeCellsTutorial" */ = {
			isa = XCConfigurationList;
			buildConfigurations = (
				FDC86F4C1A8DD95E003EA703 /* Debug */,
				FDC86F4D1A8DD95E003EA703 /* Release */,
			);
			defaultConfigurationIsVisible = 0;
			defaultConfigurationName = Release;
		};
		FDC86F4E1A8DD95E003EA703 /* Build configuration list for PBXNativeTarget "IOS8SwiffPrototypeCellsTutorial" */ = {
			isa = XCConfigurationList;
			buildConfigurations = (
				FDC86F4F1A8DD95E003EA703 /* Debug */,
				FDC86F501A8DD95E003EA703 /* Release */,
			);
			defaultConfigurationIsVisible = 0;
			defaultConfigurationName = Release;
		};
		FDC86F511A8DD95E003EA703 /* Build configuration list for PBXNativeTarget "IOS8SwiffPrototypeCellsTutorialTests" */ = {
			isa = XCConfigurationList;
			buildConfigurations = (
				FDC86F521A8DD95E003EA703 /* Debug */,
				FDC86F531A8DD95E003EA703 /* Release */,
			);
			defaultConfigurationIsVisible = 0;
			defaultConfigurationName = Release;
		};
/* End XCConfigurationList section */
	};
	rootObject = FDC86F271A8DD95E003EA703 /* Project object */;
}
