// !$*UTF8*$!
{
	archiveVersion = 1;
	classes = {
	};
	objectVersion = 46;
	objects = {

/* Begin PBXBuildFile section */
		FD6332541AB2B606003BFD1A /* AppDelegate.swift in Sources */ = {isa = PBXBuildFile; fileRef = FD6332531AB2B606003BFD1A /* AppDelegate.swift */; };
		FD6332561AB2B606003BFD1A /* ViewController.swift in Sources */ = {isa = PBXBuildFile; fileRef = FD6332551AB2B606003BFD1A /* ViewController.swift */; };
		FD6332591AB2B606003BFD1A /* Main.storyboard in Resources */ = {isa = PBXBuildFile; fileRef = FD6332571AB2B606003BFD1A /* Main.storyboard */; };
		FD63325B1AB2B606003BFD1A /* Images.xcassets in Resources */ = {isa = PBXBuildFile; fileRef = FD63325A1AB2B606003BFD1A /* Images.xcassets */; };
		FD63325E1AB2B606003BFD1A /* LaunchScreen.xib in Resources */ = {isa = PBXBuildFile; fileRef = FD63325C1AB2B606003BFD1A /* LaunchScreen.xib */; };
		FD63326A1AB2B606003BFD1A /* Midterm_54011212088Tests.swift in Sources */ = {isa = PBXBuildFile; fileRef = FD6332691AB2B606003BFD1A /* Midterm_54011212088Tests.swift */; };
/* End PBXBuildFile section */

/* Begin PBXContainerItemProxy section */
		FD6332641AB2B606003BFD1A /* PBXContainerItemProxy */ = {
			isa = PBXContainerItemProxy;
			containerPortal = FD6332461AB2B606003BFD1A /* Project object */;
			proxyType = 1;
			remoteGlobalIDString = FD63324D1AB2B606003BFD1A;
			remoteInfo = Midterm_54011212088;
		};
/* End PBXContainerItemProxy section */

/* Begin PBXFileReference section */
		FD63324E1AB2B606003BFD1A /* Midterm_54011212088.app */ = {isa = PBXFileReference; explicitFileType = wrapper.application; includeInIndex = 0; path = Midterm_54011212088.app; sourceTree = BUILT_PRODUCTS_DIR; };
		FD6332521AB2B606003BFD1A /* Info.plist */ = {isa = PBXFileReference; lastKnownFileType = text.plist.xml; path = Info.plist; sourceTree = "<group>"; };
		FD6332531AB2B606003BFD1A /* AppDelegate.swift */ = {isa = PBXFileReference; lastKnownFileType = sourcecode.swift; path = AppDelegate.swift; sourceTree = "<group>"; };
		FD6332551AB2B606003BFD1A /* ViewController.swift */ = {isa = PBXFileReference; lastKnownFileType = sourcecode.swift; path = ViewController.swift; sourceTree = "<group>"; };
		FD6332581AB2B606003BFD1A /* Base */ = {isa = PBXFileReference; lastKnownFileType = file.storyboard; name = Base; path = Base.lproj/Main.storyboard; sourceTree = "<group>"; };
		FD63325A1AB2B606003BFD1A /* Images.xcassets */ = {isa = PBXFileReference; lastKnownFileType = folder.assetcatalog; path = Images.xcassets; sourceTree = "<group>"; };
		FD63325D1AB2B606003BFD1A /* Base */ = {isa = PBXFileReference; lastKnownFileType = file.xib; name = Base; path = Base.lproj/LaunchScreen.xib; sourceTree = "<group>"; };
		FD6332631AB2B606003BFD1A /* Midterm_54011212088Tests.xctest */ = {isa = PBXFileReference; explicitFileType = wrapper.cfbundle; includeInIndex = 0; path = Midterm_54011212088Tests.xctest; sourceTree = BUILT_PRODUCTS_DIR; };
		FD6332681AB2B606003BFD1A /* Info.plist */ = {isa = PBXFileReference; lastKnownFileType = text.plist.xml; path = Info.plist; sourceTree = "<group>"; };
		FD6332691AB2B606003BFD1A /* Midterm_54011212088Tests.swift */ = {isa = PBXFileReference; lastKnownFileType = sourcecode.swift; path = Midterm_54011212088Tests.swift; sourceTree = "<group>"; };
/* End PBXFileReference section */

/* Begin PBXFrameworksBuildPhase section */
		FD63324B1AB2B606003BFD1A /* Frameworks */ = {
			isa = PBXFrameworksBuildPhase;
			buildActionMask = 2147483647;
			files = (
			);
			runOnlyForDeploymentPostprocessing = 0;
		};
		FD6332601AB2B606003BFD1A /* Frameworks */ = {
			isa = PBXFrameworksBuildPhase;
			buildActionMask = 2147483647;
			files = (
			);
			runOnlyForDeploymentPostprocessing = 0;
		};
/* End PBXFrameworksBuildPhase section */

/* Begin PBXGroup section */
		FD6332451AB2B606003BFD1A = {
			isa = PBXGroup;
			children = (
				FD6332501AB2B606003BFD1A /* Midterm_54011212088 */,
				FD6332661AB2B606003BFD1A /* Midterm_54011212088Tests */,
				FD63324F1AB2B606003BFD1A /* Products */,
			);
			sourceTree = "<group>";
		};
		FD63324F1AB2B606003BFD1A /* Products */ = {
			isa = PBXGroup;
			children = (
				FD63324E1AB2B606003BFD1A /* Midterm_54011212088.app */,
				FD6332631AB2B606003BFD1A /* Midterm_54011212088Tests.xctest */,
			);
			name = Products;
			sourceTree = "<group>";
		};
		FD6332501AB2B606003BFD1A /* Midterm_54011212088 */ = {
			isa = PBXGroup;
			children = (
				FD6332531AB2B606003BFD1A /* AppDelegate.swift */,
				FD6332551AB2B606003BFD1A /* ViewController.swift */,
				FD6332571AB2B606003BFD1A /* Main.storyboard */,
				FD63325A1AB2B606003BFD1A /* Images.xcassets */,
				FD63325C1AB2B606003BFD1A /* LaunchScreen.xib */,
				FD6332511AB2B606003BFD1A /* Supporting Files */,
			);
			path = Midterm_54011212088;
			sourceTree = "<group>";
		};
		FD6332511AB2B606003BFD1A /* Supporting Files */ = {
			isa = PBXGroup;
			children = (
				FD6332521AB2B606003BFD1A /* Info.plist */,
			);
			name = "Supporting Files";
			sourceTree = "<group>";
		};
		FD6332661AB2B606003BFD1A /* Midterm_54011212088Tests */ = {
			isa = PBXGroup;
			children = (
				FD6332691AB2B606003BFD1A /* Midterm_54011212088Tests.swift */,
				FD6332671AB2B606003BFD1A /* Supporting Files */,
			);
			path = Midterm_54011212088Tests;
			sourceTree = "<group>";
		};
		FD6332671AB2B606003BFD1A /* Supporting Files */ = {
			isa = PBXGroup;
			children = (
				FD6332681AB2B606003BFD1A /* Info.plist */,
			);
			name = "Supporting Files";
			sourceTree = "<group>";
		};
/* End PBXGroup section */

/* Begin PBXNativeTarget section */
		FD63324D1AB2B606003BFD1A /* Midterm_54011212088 */ = {
			isa = PBXNativeTarget;
			buildConfigurationList = FD63326D1AB2B606003BFD1A /* Build configuration list for PBXNativeTarget "Midterm_54011212088" */;
			buildPhases = (
				FD63324A1AB2B606003BFD1A /* Sources */,
				FD63324B1AB2B606003BFD1A /* Frameworks */,
				FD63324C1AB2B606003BFD1A /* Resources */,
			);
			buildRules = (
			);
			dependencies = (
			);
			name = Midterm_54011212088;
			productName = Midterm_54011212088;
			productReference = FD63324E1AB2B606003BFD1A /* Midterm_54011212088.app */;
			productType = "com.apple.product-type.application";
		};
		FD6332621AB2B606003BFD1A /* Midterm_54011212088Tests */ = {
			isa = PBXNativeTarget;
			buildConfigurationList = FD6332701AB2B606003BFD1A /* Build configuration list for PBXNativeTarget "Midterm_54011212088Tests" */;
			buildPhases = (
				FD63325F1AB2B606003BFD1A /* Sources */,
				FD6332601AB2B606003BFD1A /* Frameworks */,
				FD6332611AB2B606003BFD1A /* Resources */,
			);
			buildRules = (
			);
			dependencies = (
				FD6332651AB2B606003BFD1A /* PBXTargetDependency */,
			);
			name = Midterm_54011212088Tests;
			productName = Midterm_54011212088Tests;
			productReference = FD6332631AB2B606003BFD1A /* Midterm_54011212088Tests.xctest */;
			productType = "com.apple.product-type.bundle.unit-test";
		};
/* End PBXNativeTarget section */

/* Begin PBXProject section */
		FD6332461AB2B606003BFD1A /* Project object */ = {
			isa = PBXProject;
			attributes = {
				LastUpgradeCheck = 0600;
				ORGANIZATIONNAME = iStudents;
				TargetAttributes = {
					FD63324D1AB2B606003BFD1A = {
						CreatedOnToolsVersion = 6.0;
					};
					FD6332621AB2B606003BFD1A = {
						CreatedOnToolsVersion = 6.0;
						TestTargetID = FD63324D1AB2B606003BFD1A;
					};
				};
			};
			buildConfigurationList = FD6332491AB2B606003BFD1A /* Build configuration list for PBXProject "Midterm_54011212088" */;
			compatibilityVersion = "Xcode 3.2";
			developmentRegion = English;
			hasScannedForEncodings = 0;
			knownRegions = (
				en,
				Base,
			);
			mainGroup = FD6332451AB2B606003BFD1A;
			productRefGroup = FD63324F1AB2B606003BFD1A /* Products */;
			projectDirPath = "";
			projectRoot = "";
			targets = (
				FD63324D1AB2B606003BFD1A /* Midterm_54011212088 */,
				FD6332621AB2B606003BFD1A /* Midterm_54011212088Tests */,
			);
		};
/* End PBXProject section */

/* Begin PBXResourcesBuildPhase section */
		FD63324C1AB2B606003BFD1A /* Resources */ = {
			isa = PBXResourcesBuildPhase;
			buildActionMask = 2147483647;
			files = (
				FD6332591AB2B606003BFD1A /* Main.storyboard in Resources */,
				FD63325E1AB2B606003BFD1A /* LaunchScreen.xib in Resources */,
				FD63325B1AB2B606003BFD1A /* Images.xcassets in Resources */,
			);
			runOnlyForDeploymentPostprocessing = 0;
		};
		FD6332611AB2B606003BFD1A /* Resources */ = {
			isa = PBXResourcesBuildPhase;
			buildActionMask = 2147483647;
			files = (
			);
			runOnlyForDeploymentPostprocessing = 0;
		};
/* End PBXResourcesBuildPhase section */

/* Begin PBXSourcesBuildPhase section */
		FD63324A1AB2B606003BFD1A /* Sources */ = {
			isa = PBXSourcesBuildPhase;
			buildActionMask = 2147483647;
			files = (
				FD6332561AB2B606003BFD1A /* ViewController.swift in Sources */,
				FD6332541AB2B606003BFD1A /* AppDelegate.swift in Sources */,
			);
			runOnlyForDeploymentPostprocessing = 0;
		};
		FD63325F1AB2B606003BFD1A /* Sources */ = {
			isa = PBXSourcesBuildPhase;
			buildActionMask = 2147483647;
			files = (
				FD63326A1AB2B606003BFD1A /* Midterm_54011212088Tests.swift in Sources */,
			);
			runOnlyForDeploymentPostprocessing = 0;
		};
/* End PBXSourcesBuildPhase section */

/* Begin PBXTargetDependency section */
		FD6332651AB2B606003BFD1A /* PBXTargetDependency */ = {
			isa = PBXTargetDependency;
			target = FD63324D1AB2B606003BFD1A /* Midterm_54011212088 */;
			targetProxy = FD6332641AB2B606003BFD1A /* PBXContainerItemProxy */;
		};
/* End PBXTargetDependency section */

/* Begin PBXVariantGroup section */
		FD6332571AB2B606003BFD1A /* Main.storyboard */ = {
			isa = PBXVariantGroup;
			children = (
				FD6332581AB2B606003BFD1A /* Base */,
			);
			name = Main.storyboard;
			sourceTree = "<group>";
		};
		FD63325C1AB2B606003BFD1A /* LaunchScreen.xib */ = {
			isa = PBXVariantGroup;
			children = (
				FD63325D1AB2B606003BFD1A /* Base */,
			);
			name = LaunchScreen.xib;
			sourceTree = "<group>";
		};
/* End PBXVariantGroup section */

/* Begin XCBuildConfiguration section */
		FD63326B1AB2B606003BFD1A /* Debug */ = {
			isa = XCBuildConfiguration;
			buildSettings = {
				ALWAYS_SEARCH_USER_PATHS = NO;
				CLANG_CXX_LANGUAGE_STANDARD = "gnu++0x";
				CLANG_CXX_LIBRARY = "libc++";
				CLANG_ENABLE_MODULES = YES;
				CLANG_ENABLE_OBJC_ARC = YES;
				CLANG_WARN_BOOL_CONVERSION = YES;
				CLANG_WARN_CONSTANT_CONVERSION = YES;
				CLANG_WARN_DIRECT_OBJC_ISA_USAGE = YES_ERROR;
				CLANG_WARN_EMPTY_BODY = YES;
				CLANG_WARN_ENUM_CONVERSION = YES;
				CLANG_WARN_INT_CONVERSION = YES;
				CLANG_WARN_OBJC_ROOT_CLASS = YES_ERROR;
				CLANG_WARN_UNREACHABLE_CODE = YES;
				CLANG_WARN__DUPLICATE_METHOD_MATCH = YES;
				"CODE_SIGN_IDENTITY[sdk=iphoneos*]" = "iPhone Developer";
				COPY_PHASE_STRIP = NO;
				ENABLE_STRICT_OBJC_MSGSEND = YES;
				GCC_C_LANGUAGE_STANDARD = gnu99;
				GCC_DYNAMIC_NO_PIC = NO;
				GCC_OPTIMIZATION_LEVEL = 0;
				GCC_PREPROCESSOR_DEFINITIONS = (
					"DEBUG=1",
					"$(inherited)",
				);
				GCC_SYMBOLS_PRIVATE_EXTERN = NO;
				GCC_WARN_64_TO_32_BIT_CONVERSION = YES;
				GCC_WARN_ABOUT_RETURN_TYPE = YES_ERROR;
				GCC_WARN_UNDECLARED_SELECTOR = YES;
				GCC_WARN_UNINITIALIZED_AUTOS = YES_AGGRESSIVE;
				GCC_WARN_UNUSED_FUNCTION = YES;
				GCC_WARN_UNUSED_VARIABLE = YES;
				IPHONEOS_DEPLOYMENT_TARGET = 8.0;
				MTL_ENABLE_DEBUG_INFO = YES;
				ONLY_ACTIVE_ARCH = YES;
				SDKROOT = iphoneos;
				SWIFT_OPTIMIZATION_LEVEL = "-Onone";
			};
			name = Debug;
		};
		FD63326C1AB2B606003BFD1A /* Release */ = {
			isa = XCBuildConfiguration;
			buildSettings = {
				ALWAYS_SEARCH_USER_PATHS = NO;
				CLANG_CXX_LANGUAGE_STANDARD = "gnu++0x";
				CLANG_CXX_LIBRARY = "libc++";
				CLANG_ENABLE_MODULES = YES;
				CLANG_ENABLE_OBJC_ARC = YES;
				CLANG_WARN_BOOL_CONVERSION = YES;
				CLANG_WARN_CONSTANT_CONVERSION = YES;
				CLANG_WARN_DIRECT_OBJC_ISA_USAGE = YES_ERROR;
				CLANG_WARN_EMPTY_BODY = YES;
				CLANG_WARN_ENUM_CONVERSION = YES;
				CLANG_WARN_INT_CONVERSION = YES;
				CLANG_WARN_OBJC_ROOT_CLASS = YES_ERROR;
				CLANG_WARN_UNREACHABLE_CODE = YES;
				CLANG_WARN__DUPLICATE_METHOD_MATCH = YES;
				"CODE_SIGN_IDENTITY[sdk=iphoneos*]" = "iPhone Developer";
				COPY_PHASE_STRIP = YES;
				ENABLE_NS_ASSERTIONS = NO;
				ENABLE_STRICT_OBJC_MSGSEND = YES;
				GCC_C_LANGUAGE_STANDARD = gnu99;
				GCC_WARN_64_TO_32_BIT_CONVERSION = YES;
				GCC_WARN_ABOUT_RETURN_TYPE = YES_ERROR;
				GCC_WARN_UNDECLARED_SELECTOR = YES;
				GCC_WARN_UNINITIALIZED_AUTOS = YES_AGGRESSIVE;
				GCC_WARN_UNUSED_FUNCTION = YES;
				GCC_WARN_UNUSED_VARIABLE = YES;
				IPHONEOS_DEPLOYMENT_TARGET = 8.0;
				MTL_ENABLE_DEBUG_INFO = NO;
				SDKROOT = iphoneos;
				VALIDATE_PRODUCT = YES;
			};
			name = Release;
		};
		FD63326E1AB2B606003BFD1A /* Debug */ = {
			isa = XCBuildConfiguration;
			buildSettings = {
				ASSETCATALOG_COMPILER_APPICON_NAME = AppIcon;
				INFOPLIST_FILE = Midterm_54011212088/Info.plist;
				LD_RUNPATH_SEARCH_PATHS = "$(inherited) @executable_path/Frameworks";
				PRODUCT_NAME = "$(TARGET_NAME)";
			};
			name = Debug;
		};
		FD63326F1AB2B606003BFD1A /* Release */ = {
			isa = XCBuildConfiguration;
			buildSettings = {
				ASSETCATALOG_COMPILER_APPICON_NAME = AppIcon;
				INFOPLIST_FILE = Midterm_54011212088/Info.plist;
				LD_RUNPATH_SEARCH_PATHS = "$(inherited) @executable_path/Frameworks";
				PRODUCT_NAME = "$(TARGET_NAME)";
			};
			name = Release;
		};
		FD6332711AB2B606003BFD1A /* Debug */ = {
			isa = XCBuildConfiguration;
			buildSettings = {
				BUNDLE_LOADER = "$(TEST_HOST)";
				FRAMEWORK_SEARCH_PATHS = (
					"$(SDKROOT)/Developer/Library/Frameworks",
					"$(inherited)",
				);
				GCC_PREPROCESSOR_DEFINITIONS = (
					"DEBUG=1",
					"$(inherited)",
				);
				INFOPLIST_FILE = Midterm_54011212088Tests/Info.plist;
				LD_RUNPATH_SEARCH_PATHS = "$(inherited) @executable_path/Frameworks @loader_path/Frameworks";
				PRODUCT_NAME = "$(TARGET_NAME)";
				TEST_HOST = "$(BUILT_PRODUCTS_DIR)/Midterm_54011212088.app/Midterm_54011212088";
			};
			name = Debug;
		};
		FD6332721AB2B606003BFD1A /* Release */ = {
			isa = XCBuildConfiguration;
			buildSettings = {
				BUNDLE_LOADER = "$(TEST_HOST)";
				FRAMEWORK_SEARCH_PATHS = (
					"$(SDKROOT)/Developer/Library/Frameworks",
					"$(inherited)",
				);
				INFOPLIST_FILE = Midterm_54011212088Tests/Info.plist;
				LD_RUNPATH_SEARCH_PATHS = "$(inherited) @executable_path/Frameworks @loader_path/Frameworks";
				PRODUCT_NAME = "$(TARGET_NAME)";
				TEST_HOST = "$(BUILT_PRODUCTS_DIR)/Midterm_54011212088.app/Midterm_54011212088";
			};
			name = Release;
		};
/* End XCBuildConfiguration section */

/* Begin XCConfigurationList section */
		FD6332491AB2B606003BFD1A /* Build configuration list for PBXProject "Midterm_54011212088" */ = {
			isa = XCConfigurationList;
			buildConfigurations = (
				FD63326B1AB2B606003BFD1A /* Debug */,
				FD63326C1AB2B606003BFD1A /* Release */,
			);
			defaultConfigurationIsVisible = 0;
			defaultConfigurationName = Release;
		};
		FD63326D1AB2B606003BFD1A /* Build configuration list for PBXNativeTarget "Midterm_54011212088" */ = {
			isa = XCConfigurationList;
			buildConfigurations = (
				FD63326E1AB2B606003BFD1A /* Debug */,
				FD63326F1AB2B606003BFD1A /* Release */,
			);
			defaultConfigurationIsVisible = 0;
		};
		FD6332701AB2B606003BFD1A /* Build configuration list for PBXNativeTarget "Midterm_54011212088Tests" */ = {
			isa = XCConfigurationList;
			buildConfigurations = (
				FD6332711AB2B606003BFD1A /* Debug */,
				FD6332721AB2B606003BFD1A /* Release */,
			);
			defaultConfigurationIsVisible = 0;
		};
/* End XCConfigurationList section */
	};
	rootObject = FD6332461AB2B606003BFD1A /* Project object */;
}
